
Microsoft Visual Studio Solution File, Format Version 12.00
# Visual Studio Version 16
VisualStudioVersion = 16.0.29201.188
MinimumVisualStudioVersion = 10.0.40219.1
Project("{888888A0-9F3D-457C-B088-3A5042F75D52}") = "Python-tests", "Python-tests.pyproj", "{39D3426F-D62B-4440-805F-5B35CFA03F83}"
EndProject
Global
	GlobalSection(SolutionConfigurationPlatforms) = preSolution
		Debug|Any CPU = Debug|Any CPU
		Release|Any CPU = Release|Any CPU
	EndGlobalSection
	GlobalSection(ProjectConfigurationPlatforms) = postSolution
		{39D3426F-D62B-4440-805F-5B35CFA03F83}.Debug|Any CPU.ActiveCfg = Debug|Any CPU
		{39D3426F-D62B-4440-805F-5B35CFA03F83}.Release|Any CPU.ActiveCfg = Release|Any CPU
	EndGlobalSection
	GlobalSection(SolutionProperties) = preSolution
		HideSolutionNode = FALSE
	EndGlobalSection
	GlobalSection(ExtensibilityGlobals) = postSolution
		SolutionGuid = {54E11F76-3DF4-40C3-90FE-BD6D3B186209}
	EndGlobalSection
EndGlobal
